
Microsoft Visual Studio Solution File, Format Version 12.00
# Visual Studio Version 16
VisualStudioVersion = 16.0.31205.134
MinimumVisualStudioVersion = 10.0.40219.1
Project("{FAE04EC0-301F-11D3-BF4B-00C04F79EFBC}") = "MozartService", "MozartService\MozartService.csproj", "{65625814-0127-4523-9D07-B011F523E1AF}"
EndProject
Global
	GlobalSection(SolutionConfigurationPlatforms) = preSolution
		Debug|Any CPU = Debug|Any CPU
		Release|Any CPU = Release|Any CPU
	EndGlobalSection
	GlobalSection(ProjectConfigurationPlatforms) = postSolution
		{65625814-0127-4523-9D07-B011F523E1AF}.Debug|Any CPU.ActiveCfg = Release|Any CPU
		{65625814-0127-4523-9D07-B011F523E1AF}.Debug|Any CPU.Build.0 = Release|Any CPU
		{65625814-0127-4523-9D07-B011F523E1AF}.Release|Any CPU.ActiveCfg = Release|Any CPU
		{65625814-0127-4523-9D07-B011F523E1AF}.Release|Any CPU.Build.0 = Release|Any CPU
	EndGlobalSection
	GlobalSection(SolutionProperties) = preSolution
		HideSolutionNode = FALSE
	EndGlobalSection
	GlobalSection(ExtensibilityGlobals) = postSolution
		SolutionGuid = {71DCF7E2-465A-41A4-9BC8-2CA6863EC20A}
	EndGlobalSection
EndGlobal
